
Microsoft Visual Studio Solution File, Format Version 12.00
# Visual Studio Version 17
VisualStudioVersion = 17.14.36221.1
MinimumVisualStudioVersion = 10.0.40219.1
Project("{FAE04EC0-301F-11D3-BF4B-00C04F79EFBC}") = "HealthConditionForecast", "HealthConditionForecast.csproj", "{84D1E35F-0376-4480-BAEA-92D05F497E28}"
EndProject
Project("{FAE04EC0-301F-11D3-BF4B-00C04F79EFBC}") = "HealthConditionForecast.Tests", "..\HealthConditionForecast.Tests\HealthConditionForecast.Tests.csproj", "{C8F697F7-2E5C-4004-9CA4-7B35B368FF0F}"
EndProject
Global
	GlobalSection(SolutionConfigurationPlatforms) = preSolution
		Debug|Any CPU = Debug|Any CPU
		Release|Any CPU = Release|Any CPU
	EndGlobalSection
	GlobalSection(ProjectConfigurationPlatforms) = postSolution
		{84D1E35F-0376-4480-BAEA-92D05F497E28}.Debug|Any CPU.ActiveCfg = Debug|Any CPU
		{84D1E35F-0376-4480-BAEA-92D05F497E28}.Debug|Any CPU.Build.0 = Debug|Any CPU
		{84D1E35F-0376-4480-BAEA-92D05F497E28}.Release|Any CPU.ActiveCfg = Release|Any CPU
		{84D1E35F-0376-4480-BAEA-92D05F497E28}.Release|Any CPU.Build.0 = Release|Any CPU
		{C8F697F7-2E5C-4004-9CA4-7B35B368FF0F}.Debug|Any CPU.ActiveCfg = Debug|Any CPU
		{C8F697F7-2E5C-4004-9CA4-7B35B368FF0F}.Debug|Any CPU.Build.0 = Debug|Any CPU
		{C8F697F7-2E5C-4004-9CA4-7B35B368FF0F}.Release|Any CPU.ActiveCfg = Release|Any CPU
		{C8F697F7-2E5C-4004-9CA4-7B35B368FF0F}.Release|Any CPU.Build.0 = Release|Any CPU
	EndGlobalSection
	GlobalSection(SolutionProperties) = preSolution
		HideSolutionNode = FALSE
	EndGlobalSection
	GlobalSection(ExtensibilityGlobals) = postSolution
		SolutionGuid = {5E5B6C4B-53CD-46D6-AAB1-96B51E199A82}
	EndGlobalSection
EndGlobal
